
Microsoft Visual Studio Solution File, Format Version 12.00
# Visual Studio Version 17
VisualStudioVersion = 17.7.34202.233
MinimumVisualStudioVersion = 10.0.40219.1
Project("{FAE04EC0-301F-11D3-BF4B-00C04F79EFBC}") = "RPGManager.Api", "RPGManager\RPGManager.Api.csproj", "{55293266-E493-44E0-9E4C-2D17D13DD1DE}"
EndProject
Project("{FAE04EC0-301F-11D3-BF4B-00C04F79EFBC}") = "RPGManager.Tests", "RPGManager.Tests\RPGManager.Tests.csproj", "{A20CA889-4553-4E9A-9E71-E20BF6ED8DF7}"
EndProject
Project("{FAE04EC0-301F-11D3-BF4B-00C04F79EFBC}") = "RPGManager.Facade", "RPGManager.Facade\RPGManager.Facade.csproj", "{FB3C2D85-FCCC-44EC-B21D-337B9319857F}"
EndProject
Project("{FAE04EC0-301F-11D3-BF4B-00C04F79EFBC}") = "RPGManager.Model", "RPGManager.Model\RPGManager.Model.csproj", "{CE8FAE94-93DE-4DCC-AC2B-FA817D1BC8C7}"
EndProject
Global
	GlobalSection(SolutionConfigurationPlatforms) = preSolution
		Debug|Any CPU = Debug|Any CPU
		Release|Any CPU = Release|Any CPU
	EndGlobalSection
	GlobalSection(ProjectConfigurationPlatforms) = postSolution
		{55293266-E493-44E0-9E4C-2D17D13DD1DE}.Debug|Any CPU.ActiveCfg = Debug|Any CPU
		{55293266-E493-44E0-9E4C-2D17D13DD1DE}.Debug|Any CPU.Build.0 = Debug|Any CPU
		{55293266-E493-44E0-9E4C-2D17D13DD1DE}.Release|Any CPU.ActiveCfg = Release|Any CPU
		{55293266-E493-44E0-9E4C-2D17D13DD1DE}.Release|Any CPU.Build.0 = Release|Any CPU
		{A20CA889-4553-4E9A-9E71-E20BF6ED8DF7}.Debug|Any CPU.ActiveCfg = Debug|Any CPU
		{A20CA889-4553-4E9A-9E71-E20BF6ED8DF7}.Debug|Any CPU.Build.0 = Debug|Any CPU
		{A20CA889-4553-4E9A-9E71-E20BF6ED8DF7}.Release|Any CPU.ActiveCfg = Release|Any CPU
		{A20CA889-4553-4E9A-9E71-E20BF6ED8DF7}.Release|Any CPU.Build.0 = Release|Any CPU
		{FB3C2D85-FCCC-44EC-B21D-337B9319857F}.Debug|Any CPU.ActiveCfg = Debug|Any CPU
		{FB3C2D85-FCCC-44EC-B21D-337B9319857F}.Debug|Any CPU.Build.0 = Debug|Any CPU
		{FB3C2D85-FCCC-44EC-B21D-337B9319857F}.Release|Any CPU.ActiveCfg = Release|Any CPU
		{FB3C2D85-FCCC-44EC-B21D-337B9319857F}.Release|Any CPU.Build.0 = Release|Any CPU
		{CE8FAE94-93DE-4DCC-AC2B-FA817D1BC8C7}.Debug|Any CPU.ActiveCfg = Debug|Any CPU
		{CE8FAE94-93DE-4DCC-AC2B-FA817D1BC8C7}.Debug|Any CPU.Build.0 = Debug|Any CPU
		{CE8FAE94-93DE-4DCC-AC2B-FA817D1BC8C7}.Release|Any CPU.ActiveCfg = Release|Any CPU
		{CE8FAE94-93DE-4DCC-AC2B-FA817D1BC8C7}.Release|Any CPU.Build.0 = Release|Any CPU
	EndGlobalSection
	GlobalSection(SolutionProperties) = preSolution
		HideSolutionNode = FALSE
	EndGlobalSection
	GlobalSection(ExtensibilityGlobals) = postSolution
		SolutionGuid = {95EB3F84-9790-4ADA-8B99-A564E33C7BCA}
	EndGlobalSection
EndGlobal
